// !$*UTF8*$!
{
	archiveVersion = 1;
	classes = {
	};
	objectVersion = 56;
	objects = {

/* Begin PBXBuildFile section */
		2E4DA2F12BB166780014C1D9 /* OfferView.swift in Sources */ = {isa = PBXBuildFile; fileRef = 2E4DA2F02BB166780014C1D9 /* OfferView.swift */; };
		2E4DA2F32BB1668A0014C1D9 /* NewArrivalView.swift in Sources */ = {isa = PBXBuildFile; fileRef = 2E4DA2F22BB1668A0014C1D9 /* NewArrivalView.swift */; };
		2E4DA2F72BB167E00014C1D9 /* NewArrivalViewModel.swift in Sources */ = {isa = PBXBuildFile; fileRef = 2E4DA2F62BB167E00014C1D9 /* NewArrivalViewModel.swift */; };
		2E4DA3032BB193A70014C1D9 /* FeaturedView.swift in Sources */ = {isa = PBXBuildFile; fileRef = 2E4DA3022BB193A70014C1D9 /* FeaturedView.swift */; };
		2E4DA3052BB199E40014C1D9 /* FeaturedViewModel.swift in Sources */ = {isa = PBXBuildFile; fileRef = 2E4DA3042BB199E40014C1D9 /* FeaturedViewModel.swift */; };
		2E4DA3072BB59F990014C1D9 /* FavouriteProductDetailView.swift in Sources */ = {isa = PBXBuildFile; fileRef = 2E4DA3062BB59F990014C1D9 /* FavouriteProductDetailView.swift */; };
		2E4DA3092BB5AE8D0014C1D9 /* FavoriteDetailViewModel.swift in Sources */ = {isa = PBXBuildFile; fileRef = 2E4DA3082BB5AE8D0014C1D9 /* FavoriteDetailViewModel.swift */; };
		2E4DA30B2BB6DEC90014C1D9 /* AboutView.swift in Sources */ = {isa = PBXBuildFile; fileRef = 2E4DA30A2BB6DEC90014C1D9 /* AboutView.swift */; };
		2E4DA30D2BB6E1BD0014C1D9 /* HelpView.swift in Sources */ = {isa = PBXBuildFile; fileRef = 2E4DA30C2BB6E1BD0014C1D9 /* HelpView.swift */; };
		2E5B0FFF2BAB178C0093996A /* CouponView.swift in Sources */ = {isa = PBXBuildFile; fileRef = 2E5B0FFE2BAB178C0093996A /* CouponView.swift */; };
		2E5B10012BAB2AA40093996A /* PaymentViewModel.swift in Sources */ = {isa = PBXBuildFile; fileRef = 2E5B10002BAB2AA40093996A /* PaymentViewModel.swift */; };
		2E5B10032BAB2AFB0093996A /* PaymentModel.swift in Sources */ = {isa = PBXBuildFile; fileRef = 2E5B10022BAB2AFB0093996A /* PaymentModel.swift */; };
		2E5B10072BAB35810093996A /* PaymentMethodsView.swift in Sources */ = {isa = PBXBuildFile; fileRef = 2E5B10062BAB35810093996A /* PaymentMethodsView.swift */; };
		2E5B10092BAB37D60093996A /* AddPaymentMethodView.swift in Sources */ = {isa = PBXBuildFile; fileRef = 2E5B10082BAB37D60093996A /* AddPaymentMethodView.swift */; };
		2E5B100B2BAB4F620093996A /* CheckoutView.swift in Sources */ = {isa = PBXBuildFile; fileRef = 2E5B100A2BAB4F620093996A /* CheckoutView.swift */; };
		2E5C10712BABFE06008D7F8E /* MyOrdersView.swift in Sources */ = {isa = PBXBuildFile; fileRef = 2E5C10702BABFE06008D7F8E /* MyOrdersView.swift */; };
		2E5C10732BABFE50008D7F8E /* MyOrdersViewModel.swift in Sources */ = {isa = PBXBuildFile; fileRef = 2E5C10722BABFE50008D7F8E /* MyOrdersViewModel.swift */; };
		2E5C10752BABFF1D008D7F8E /* MyOrderModel.swift in Sources */ = {isa = PBXBuildFile; fileRef = 2E5C10742BABFF1D008D7F8E /* MyOrderModel.swift */; };
		2E5C10772BAC0ED3008D7F8E /* MyOrderDetailViewModel.swift in Sources */ = {isa = PBXBuildFile; fileRef = 2E5C10762BAC0ED3008D7F8E /* MyOrderDetailViewModel.swift */; };
		2E5C10792BAC122B008D7F8E /* MyOrdersDetailView.swift in Sources */ = {isa = PBXBuildFile; fileRef = 2E5C10782BAC122B008D7F8E /* MyOrdersDetailView.swift */; };
		2E5C107B2BAC1BEA008D7F8E /* OrderItemRow.swift in Sources */ = {isa = PBXBuildFile; fileRef = 2E5C107A2BAC1BEA008D7F8E /* OrderItemRow.swift */; };
		2E5C107D2BAC265E008D7F8E /* OrderItemModel.swift in Sources */ = {isa = PBXBuildFile; fileRef = 2E5C107C2BAC265E008D7F8E /* OrderItemModel.swift */; };
		2E5C107F2BAC491B008D7F8E /* OrderAccpetView.swift in Sources */ = {isa = PBXBuildFile; fileRef = 2E5C107E2BAC491B008D7F8E /* OrderAccpetView.swift */; };
		2E5C10872BACA8CA008D7F8E /* MyDetailsViewModel.swift in Sources */ = {isa = PBXBuildFile; fileRef = 2E5C10862BACA8CA008D7F8E /* MyDetailsViewModel.swift */; };
		2E5C10892BACAC08008D7F8E /* MyDetailsView.swift in Sources */ = {isa = PBXBuildFile; fileRef = 2E5C10882BACAC08008D7F8E /* MyDetailsView.swift */; };
		2E5C108B2BACB14C008D7F8E /* ChangePasswordView.swift in Sources */ = {isa = PBXBuildFile; fileRef = 2E5C108A2BACB14C008D7F8E /* ChangePasswordView.swift */; };
		2E782CA52BA010E50050244D /* Online_ShoppingApp.swift in Sources */ = {isa = PBXBuildFile; fileRef = 2E782CA42BA010E50050244D /* Online_ShoppingApp.swift */; };
		2E782CA92BA010E70050244D /* Assets.xcassets in Resources */ = {isa = PBXBuildFile; fileRef = 2E782CA82BA010E70050244D /* Assets.xcassets */; };
		2E782CAC2BA010E70050244D /* Preview Assets.xcassets in Resources */ = {isa = PBXBuildFile; fileRef = 2E782CAB2BA010E70050244D /* Preview Assets.xcassets */; };
		2E782CB92BA0580A0050244D /* UIKitExtension.swift in Sources */ = {isa = PBXBuildFile; fileRef = 2E782CB82BA0580A0050244D /* UIKitExtension.swift */; };
		2E782CBB2BA058240050244D /* UIExtension.swift in Sources */ = {isa = PBXBuildFile; fileRef = 2E782CBA2BA058240050244D /* UIExtension.swift */; };
		2E782CBD2BA0583B0050244D /* RoundButton.swift in Sources */ = {isa = PBXBuildFile; fileRef = 2E782CBC2BA0583B0050244D /* RoundButton.swift */; };
		2E782CBF2BA058570050244D /* CountryPickerUI.swift in Sources */ = {isa = PBXBuildFile; fileRef = 2E782CBE2BA058570050244D /* CountryPickerUI.swift */; };
		2E782CC12BA058740050244D /* LineTextField.swift in Sources */ = {isa = PBXBuildFile; fileRef = 2E782CC02BA058740050244D /* LineTextField.swift */; };
		2E782CC32BA058880050244D /* ServiceCall.swift in Sources */ = {isa = PBXBuildFile; fileRef = 2E782CC22BA058880050244D /* ServiceCall.swift */; };
		2E782CC52BA058A50050244D /* Links.swift in Sources */ = {isa = PBXBuildFile; fileRef = 2E782CC42BA058A50050244D /* Links.swift */; };
		2E782CC72BA058D50050244D /* MainViewModel.swift in Sources */ = {isa = PBXBuildFile; fileRef = 2E782CC62BA058D50050244D /* MainViewModel.swift */; };
		2E782CCA2BA058FF0050244D /* WelcomeView.swift in Sources */ = {isa = PBXBuildFile; fileRef = 2E782CC92BA058FF0050244D /* WelcomeView.swift */; };
		2E782CCC2BA059140050244D /* SignInView.swift in Sources */ = {isa = PBXBuildFile; fileRef = 2E782CCB2BA059140050244D /* SignInView.swift */; };
		2E782CCE2BA059280050244D /* LoginView.swift in Sources */ = {isa = PBXBuildFile; fileRef = 2E782CCD2BA059280050244D /* LoginView.swift */; };
		2E782CD32BA059B50050244D /* Gilroy-Medium.ttf in Resources */ = {isa = PBXBuildFile; fileRef = 2E782CCF2BA059B50050244D /* Gilroy-Medium.ttf */; };
		2E782CD42BA059B50050244D /* Gilroy-SemiBold.ttf in Resources */ = {isa = PBXBuildFile; fileRef = 2E782CD02BA059B50050244D /* Gilroy-SemiBold.ttf */; };
		2E782CD52BA059B50050244D /* Gilroy-Bold.ttf in Resources */ = {isa = PBXBuildFile; fileRef = 2E782CD12BA059B50050244D /* Gilroy-Bold.ttf */; };
		2E782CD62BA059B50050244D /* Gilroy-Regular.ttf in Resources */ = {isa = PBXBuildFile; fileRef = 2E782CD22BA059B50050244D /* Gilroy-Regular.ttf */; };
		2E782CDA2BA05E6A0050244D /* Launch Screen.storyboard in Resources */ = {isa = PBXBuildFile; fileRef = 2E782CD92BA05E6A0050244D /* Launch Screen.storyboard */; };
		2E782CDD2BA06F1E0050244D /* CountryPicker in Frameworks */ = {isa = PBXBuildFile; productRef = 2E782CDC2BA06F1E0050244D /* CountryPicker */; };
		2E782CE02BA06F360050244D /* SDWebImageSwiftUI in Frameworks */ = {isa = PBXBuildFile; productRef = 2E782CDF2BA06F360050244D /* SDWebImageSwiftUI */; };
		2E782CE62BA0AE100050244D /* SignUpView.swift in Sources */ = {isa = PBXBuildFile; fileRef = 2E782CE52BA0AE100050244D /* SignUpView.swift */; };
		2E782CE82BA0D29D0050244D /* UserModel.swift in Sources */ = {isa = PBXBuildFile; fileRef = 2E782CE72BA0D29D0050244D /* UserModel.swift */; };
		2E782CF42BA1698F0050244D /* FindCategoryView.swift in Sources */ = {isa = PBXBuildFile; fileRef = 2E782CF32BA1698F0050244D /* FindCategoryView.swift */; };
		2E782CF62BA16E120050244D /* TabButton.swift in Sources */ = {isa = PBXBuildFile; fileRef = 2E782CF52BA16E120050244D /* TabButton.swift */; };
		2E782CF82BA1879D0050244D /* SearchTextField.swift in Sources */ = {isa = PBXBuildFile; fileRef = 2E782CF72BA1879D0050244D /* SearchTextField.swift */; };
		2E782CFA2BA192860050244D /* SectionTitleAll.swift in Sources */ = {isa = PBXBuildFile; fileRef = 2E782CF92BA192860050244D /* SectionTitleAll.swift */; };
		2E782D022BA1E51D0050244D /* TypeModel.swift in Sources */ = {isa = PBXBuildFile; fileRef = 2E782D012BA1E51D0050244D /* TypeModel.swift */; };
		2E782D062BA302810050244D /* HomeViewModel.swift in Sources */ = {isa = PBXBuildFile; fileRef = 2E782D052BA302810050244D /* HomeViewModel.swift */; };
		2E782D082BA3032A0050244D /* MainTabView.swift in Sources */ = {isa = PBXBuildFile; fileRef = 2E782D072BA3032A0050244D /* MainTabView.swift */; };
		2E782D0A2BA304220050244D /* HomeView.swift in Sources */ = {isa = PBXBuildFile; fileRef = 2E782D092BA304220050244D /* HomeView.swift */; };
		2E782D0C2BA318A70050244D /* ProductCell.swift in Sources */ = {isa = PBXBuildFile; fileRef = 2E782D0B2BA318A70050244D /* ProductCell.swift */; };
		2E782D0E2BA3266A0050244D /* CategoryCell.swift in Sources */ = {isa = PBXBuildFile; fileRef = 2E782D0D2BA3266A0050244D /* CategoryCell.swift */; };
		2E782D122BA358000050244D /* ProductModel.swift in Sources */ = {isa = PBXBuildFile; fileRef = 2E782D112BA358000050244D /* ProductModel.swift */; };
		2E782D142BA594370050244D /* ProductDetailView.swift in Sources */ = {isa = PBXBuildFile; fileRef = 2E782D132BA594370050244D /* ProductDetailView.swift */; };
		2E782D162BA596740050244D /* ProductDetailViewModel.swift in Sources */ = {isa = PBXBuildFile; fileRef = 2E782D152BA596740050244D /* ProductDetailViewModel.swift */; };
		2E782D182BA5BDA20050244D /* ImageModel.swift in Sources */ = {isa = PBXBuildFile; fileRef = 2E782D172BA5BDA20050244D /* ImageModel.swift */; };
		2EFDB1282BA6F13600B36200 /* FavouriteView.swift in Sources */ = {isa = PBXBuildFile; fileRef = 2EFDB1272BA6F13600B36200 /* FavouriteView.swift */; };
		2EFDB12A2BA75D7200B36200 /* FavouriteViewModel.swift in Sources */ = {isa = PBXBuildFile; fileRef = 2EFDB1292BA75D7200B36200 /* FavouriteViewModel.swift */; };
		2EFDB12C2BA760BA00B36200 /* FavouriteRow.swift in Sources */ = {isa = PBXBuildFile; fileRef = 2EFDB12B2BA760BA00B36200 /* FavouriteRow.swift */; };
		2EFDB12E2BA85B1700B36200 /* ExploreViewModel.swift in Sources */ = {isa = PBXBuildFile; fileRef = 2EFDB12D2BA85B1700B36200 /* ExploreViewModel.swift */; };
		2EFDB1322BA85C1C00B36200 /* ExploreCategoryModel.swift in Sources */ = {isa = PBXBuildFile; fileRef = 2EFDB1312BA85C1C00B36200 /* ExploreCategoryModel.swift */; };
		2EFDB1342BA85DF200B36200 /* ExploreCategoryCell.swift in Sources */ = {isa = PBXBuildFile; fileRef = 2EFDB1332BA85DF200B36200 /* ExploreCategoryCell.swift */; };
		2EFDB1362BA95B8F00B36200 /* ExploreItemViewModel.swift in Sources */ = {isa = PBXBuildFile; fileRef = 2EFDB1352BA95B8F00B36200 /* ExploreItemViewModel.swift */; };
		2EFDB13A2BA9A0D400B36200 /* CartViewModel.swift in Sources */ = {isa = PBXBuildFile; fileRef = 2EFDB1392BA9A0D400B36200 /* CartViewModel.swift */; };
		2EFDB13C2BA9A0FE00B36200 /* CartItemModel.swift in Sources */ = {isa = PBXBuildFile; fileRef = 2EFDB13B2BA9A0FE00B36200 /* CartItemModel.swift */; };
		2EFDB13F2BA9A52500B36200 /* MyCartView.swift in Sources */ = {isa = PBXBuildFile; fileRef = 2EFDB13E2BA9A52500B36200 /* MyCartView.swift */; };
		2EFDB1412BA9BD4900B36200 /* CartItemRow.swift in Sources */ = {isa = PBXBuildFile; fileRef = 2EFDB1402BA9BD4900B36200 /* CartItemRow.swift */; };
		2EFDB1432BA9C85E00B36200 /* ExploreItemsView.swift in Sources */ = {isa = PBXBuildFile; fileRef = 2EFDB1422BA9C85E00B36200 /* ExploreItemsView.swift */; };
		2EFDB1462BAA09EA00B36200 /* AccountView.swift in Sources */ = {isa = PBXBuildFile; fileRef = 2EFDB1452BAA09EA00B36200 /* AccountView.swift */; };
		2EFDB1482BAA0DF100B36200 /* AccountRow.swift in Sources */ = {isa = PBXBuildFile; fileRef = 2EFDB1472BAA0DF100B36200 /* AccountRow.swift */; };
		2EFDB14A2BAA0F8900B36200 /* DeliveryAddressView.swift in Sources */ = {isa = PBXBuildFile; fileRef = 2EFDB1492BAA0F8900B36200 /* DeliveryAddressView.swift */; };
		2EFDB14C2BAA117400B36200 /* DeliveryAddressViewModel.swift in Sources */ = {isa = PBXBuildFile; fileRef = 2EFDB14B2BAA117400B36200 /* DeliveryAddressViewModel.swift */; };
		2EFDB14E2BAA128300B36200 /* AddressModel.swift in Sources */ = {isa = PBXBuildFile; fileRef = 2EFDB14D2BAA128300B36200 /* AddressModel.swift */; };
		2EFDB1502BAAD25F00B36200 /* AddDeliveryAddressView.swift in Sources */ = {isa = PBXBuildFile; fileRef = 2EFDB14F2BAAD25F00B36200 /* AddDeliveryAddressView.swift */; };
		2EFDB1522BAAFB1300B36200 /* PromoCodeViewModel.swift in Sources */ = {isa = PBXBuildFile; fileRef = 2EFDB1512BAAFB1200B36200 /* PromoCodeViewModel.swift */; };
		2EFDB1542BAAFC5800B36200 /* PromoCodeModel.swift in Sources */ = {isa = PBXBuildFile; fileRef = 2EFDB1532BAAFC5800B36200 /* PromoCodeModel.swift */; };
/* End PBXBuildFile section */

/* Begin PBXFileReference section */
		2E4DA2F02BB166780014C1D9 /* OfferView.swift */ = {isa = PBXFileReference; lastKnownFileType = sourcecode.swift; path = OfferView.swift; sourceTree = "<group>"; };
		2E4DA2F22BB1668A0014C1D9 /* NewArrivalView.swift */ = {isa = PBXFileReference; lastKnownFileType = sourcecode.swift; path = NewArrivalView.swift; sourceTree = "<group>"; };
		2E4DA2F62BB167E00014C1D9 /* NewArrivalViewModel.swift */ = {isa = PBXFileReference; lastKnownFileType = sourcecode.swift; path = NewArrivalViewModel.swift; sourceTree = "<group>"; };
		2E4DA3022BB193A70014C1D9 /* FeaturedView.swift */ = {isa = PBXFileReference; lastKnownFileType = sourcecode.swift; path = FeaturedView.swift; sourceTree = "<group>"; };
		2E4DA3042BB199E40014C1D9 /* FeaturedViewModel.swift */ = {isa = PBXFileReference; lastKnownFileType = sourcecode.swift; path = FeaturedViewModel.swift; sourceTree = "<group>"; };
		2E4DA3062BB59F990014C1D9 /* FavouriteProductDetailView.swift */ = {isa = PBXFileReference; lastKnownFileType = sourcecode.swift; path = FavouriteProductDetailView.swift; sourceTree = "<group>"; };
		2E4DA3082BB5AE8D0014C1D9 /* FavoriteDetailViewModel.swift */ = {isa = PBXFileReference; lastKnownFileType = sourcecode.swift; path = FavoriteDetailViewModel.swift; sourceTree = "<group>"; };
		2E4DA30A2BB6DEC90014C1D9 /* AboutView.swift */ = {isa = PBXFileReference; lastKnownFileType = sourcecode.swift; path = AboutView.swift; sourceTree = "<group>"; };
		2E4DA30C2BB6E1BD0014C1D9 /* HelpView.swift */ = {isa = PBXFileReference; lastKnownFileType = sourcecode.swift; path = HelpView.swift; sourceTree = "<group>"; };
		2E5B0FFE2BAB178C0093996A /* CouponView.swift */ = {isa = PBXFileReference; lastKnownFileType = sourcecode.swift; path = CouponView.swift; sourceTree = "<group>"; };
		2E5B10002BAB2AA40093996A /* PaymentViewModel.swift */ = {isa = PBXFileReference; lastKnownFileType = sourcecode.swift; path = PaymentViewModel.swift; sourceTree = "<group>"; };
		2E5B10022BAB2AFB0093996A /* PaymentModel.swift */ = {isa = PBXFileReference; lastKnownFileType = sourcecode.swift; path = PaymentModel.swift; sourceTree = "<group>"; };
		2E5B10062BAB35810093996A /* PaymentMethodsView.swift */ = {isa = PBXFileReference; lastKnownFileType = sourcecode.swift; path = PaymentMethodsView.swift; sourceTree = "<group>"; };
		2E5B10082BAB37D60093996A /* AddPaymentMethodView.swift */ = {isa = PBXFileReference; lastKnownFileType = sourcecode.swift; path = AddPaymentMethodView.swift; sourceTree = "<group>"; };
		2E5B100A2BAB4F620093996A /* CheckoutView.swift */ = {isa = PBXFileReference; lastKnownFileType = sourcecode.swift; path = CheckoutView.swift; sourceTree = "<group>"; };
		2E5C10702BABFE06008D7F8E /* MyOrdersView.swift */ = {isa = PBXFileReference; lastKnownFileType = sourcecode.swift; path = MyOrdersView.swift; sourceTree = "<group>"; };
		2E5C10722BABFE50008D7F8E /* MyOrdersViewModel.swift */ = {isa = PBXFileReference; lastKnownFileType = sourcecode.swift; path = MyOrdersViewModel.swift; sourceTree = "<group>"; };
		2E5C10742BABFF1D008D7F8E /* MyOrderModel.swift */ = {isa = PBXFileReference; lastKnownFileType = sourcecode.swift; path = MyOrderModel.swift; sourceTree = "<group>"; };
		2E5C10762BAC0ED3008D7F8E /* MyOrderDetailViewModel.swift */ = {isa = PBXFileReference; lastKnownFileType = sourcecode.swift; path = MyOrderDetailViewModel.swift; sourceTree = "<group>"; };
		2E5C10782BAC122B008D7F8E /* MyOrdersDetailView.swift */ = {isa = PBXFileReference; lastKnownFileType = sourcecode.swift; path = MyOrdersDetailView.swift; sourceTree = "<group>"; };
		2E5C107A2BAC1BEA008D7F8E /* OrderItemRow.swift */ = {isa = PBXFileReference; lastKnownFileType = sourcecode.swift; path = OrderItemRow.swift; sourceTree = "<group>"; };
		2E5C107C2BAC265E008D7F8E /* OrderItemModel.swift */ = {isa = PBXFileReference; lastKnownFileType = sourcecode.swift; path = OrderItemModel.swift; sourceTree = "<group>"; };
		2E5C107E2BAC491B008D7F8E /* OrderAccpetView.swift */ = {isa = PBXFileReference; lastKnownFileType = sourcecode.swift; path = OrderAccpetView.swift; sourceTree = "<group>"; };
		2E5C10862BACA8CA008D7F8E /* MyDetailsViewModel.swift */ = {isa = PBXFileReference; lastKnownFileType = sourcecode.swift; path = MyDetailsViewModel.swift; sourceTree = "<group>"; };
		2E5C10882BACAC08008D7F8E /* MyDetailsView.swift */ = {isa = PBXFileReference; lastKnownFileType = sourcecode.swift; path = MyDetailsView.swift; sourceTree = "<group>"; };
		2E5C108A2BACB14C008D7F8E /* ChangePasswordView.swift */ = {isa = PBXFileReference; lastKnownFileType = sourcecode.swift; path = ChangePasswordView.swift; sourceTree = "<group>"; };
		2E782CA12BA010E50050244D /* Online_Shopping.app */ = {isa = PBXFileReference; explicitFileType = wrapper.application; includeInIndex = 0; path = Online_Shopping.app; sourceTree = BUILT_PRODUCTS_DIR; };
		2E782CA42BA010E50050244D /* Online_ShoppingApp.swift */ = {isa = PBXFileReference; lastKnownFileType = sourcecode.swift; path = Online_ShoppingApp.swift; sourceTree = "<group>"; };
		2E782CA82BA010E70050244D /* Assets.xcassets */ = {isa = PBXFileReference; lastKnownFileType = folder.assetcatalog; path = Assets.xcassets; sourceTree = "<group>"; };
		2E782CAB2BA010E70050244D /* Preview Assets.xcassets */ = {isa = PBXFileReference; lastKnownFileType = folder.assetcatalog; path = "Preview Assets.xcassets"; sourceTree = "<group>"; };
		2E782CB82BA0580A0050244D /* UIKitExtension.swift */ = {isa = PBXFileReference; lastKnownFileType = sourcecode.swift; path = UIKitExtension.swift; sourceTree = "<group>"; };
		2E782CBA2BA058240050244D /* UIExtension.swift */ = {isa = PBXFileReference; lastKnownFileType = sourcecode.swift; path = UIExtension.swift; sourceTree = "<group>"; };
		2E782CBC2BA0583B0050244D /* RoundButton.swift */ = {isa = PBXFileReference; lastKnownFileType = sourcecode.swift; path = RoundButton.swift; sourceTree = "<group>"; };
		2E782CBE2BA058570050244D /* CountryPickerUI.swift */ = {isa = PBXFileReference; lastKnownFileType = sourcecode.swift; path = CountryPickerUI.swift; sourceTree = "<group>"; };
		2E782CC02BA058740050244D /* LineTextField.swift */ = {isa = PBXFileReference; lastKnownFileType = sourcecode.swift; path = LineTextField.swift; sourceTree = "<group>"; };
		2E782CC22BA058880050244D /* ServiceCall.swift */ = {isa = PBXFileReference; lastKnownFileType = sourcecode.swift; path = ServiceCall.swift; sourceTree = "<group>"; };
		2E782CC42BA058A50050244D /* Links.swift */ = {isa = PBXFileReference; lastKnownFileType = sourcecode.swift; path = Links.swift; sourceTree = "<group>"; };
		2E782CC62BA058D50050244D /* MainViewModel.swift */ = {isa = PBXFileReference; lastKnownFileType = sourcecode.swift; path = MainViewModel.swift; sourceTree = "<group>"; };
		2E782CC92BA058FF0050244D /* WelcomeView.swift */ = {isa = PBXFileReference; lastKnownFileType = sourcecode.swift; path = WelcomeView.swift; sourceTree = "<group>"; };
		2E782CCB2BA059140050244D /* SignInView.swift */ = {isa = PBXFileReference; lastKnownFileType = sourcecode.swift; path = SignInView.swift; sourceTree = "<group>"; };
		2E782CCD2BA059280050244D /* LoginView.swift */ = {isa = PBXFileReference; lastKnownFileType = sourcecode.swift; path = LoginView.swift; sourceTree = "<group>"; };
		2E782CCF2BA059B50050244D /* Gilroy-Medium.ttf */ = {isa = PBXFileReference; lastKnownFileType = file; name = "Gilroy-Medium.ttf"; path = "../../../../Downloads/Online_Groceries_Shop_App_with_MVVM_in_SwiftUI-main/OnlineGroceriesSwiftUI/Gilroy-Medium.ttf"; sourceTree = "<group>"; };
		2E782CD02BA059B50050244D /* Gilroy-SemiBold.ttf */ = {isa = PBXFileReference; lastKnownFileType = file; name = "Gilroy-SemiBold.ttf"; path = "../../../../Downloads/Online_Groceries_Shop_App_with_MVVM_in_SwiftUI-main/OnlineGroceriesSwiftUI/New Group/Gilroy-SemiBold.ttf"; sourceTree = "<group>"; };
		2E782CD12BA059B50050244D /* Gilroy-Bold.ttf */ = {isa = PBXFileReference; lastKnownFileType = file; name = "Gilroy-Bold.ttf"; path = "../../../../Downloads/Online_Groceries_Shop_App_with_MVVM_in_SwiftUI-main/OnlineGroceriesSwiftUI/New Group/Gilroy-Bold.ttf"; sourceTree = "<group>"; };
		2E782CD22BA059B50050244D /* Gilroy-Regular.ttf */ = {isa = PBXFileReference; lastKnownFileType = file; name = "Gilroy-Regular.ttf"; path = "../../../../Downloads/Online_Groceries_Shop_App_with_MVVM_in_SwiftUI-main/OnlineGroceriesSwiftUI/New Group/Gilroy-Regular.ttf"; sourceTree = "<group>"; };
		2E782CD92BA05E6A0050244D /* Launch Screen.storyboard */ = {isa = PBXFileReference; lastKnownFileType = file.storyboard; path = "Launch Screen.storyboard"; sourceTree = "<group>"; };
		2E782CE42BA0745A0050244D /* Online-Shopping-Info.plist */ = {isa = PBXFileReference; lastKnownFileType = text.plist.xml; path = "Online-Shopping-Info.plist"; sourceTree = "<group>"; };
		2E782CE52BA0AE100050244D /* SignUpView.swift */ = {isa = PBXFileReference; lastKnownFileType = sourcecode.swift; path = SignUpView.swift; sourceTree = "<group>"; };
		2E782CE72BA0D29D0050244D /* UserModel.swift */ = {isa = PBXFileReference; lastKnownFileType = sourcecode.swift; path = UserModel.swift; sourceTree = "<group>"; };
		2E782CF32BA1698F0050244D /* FindCategoryView.swift */ = {isa = PBXFileReference; lastKnownFileType = sourcecode.swift; path = FindCategoryView.swift; sourceTree = "<group>"; };
		2E782CF52BA16E120050244D /* TabButton.swift */ = {isa = PBXFileReference; lastKnownFileType = sourcecode.swift; path = TabButton.swift; sourceTree = "<group>"; };
		2E782CF72BA1879D0050244D /* SearchTextField.swift */ = {isa = PBXFileReference; lastKnownFileType = sourcecode.swift; path = SearchTextField.swift; sourceTree = "<group>"; };
		2E782CF92BA192860050244D /* SectionTitleAll.swift */ = {isa = PBXFileReference; lastKnownFileType = sourcecode.swift; path = SectionTitleAll.swift; sourceTree = "<group>"; };
		2E782D012BA1E51D0050244D /* TypeModel.swift */ = {isa = PBXFileReference; lastKnownFileType = sourcecode.swift; path = TypeModel.swift; sourceTree = "<group>"; };
		2E782D052BA302810050244D /* HomeViewModel.swift */ = {isa = PBXFileReference; lastKnownFileType = sourcecode.swift; path = HomeViewModel.swift; sourceTree = "<group>"; };
		2E782D072BA3032A0050244D /* MainTabView.swift */ = {isa = PBXFileReference; lastKnownFileType = sourcecode.swift; path = MainTabView.swift; sourceTree = "<group>"; };
		2E782D092BA304220050244D /* HomeView.swift */ = {isa = PBXFileReference; lastKnownFileType = sourcecode.swift; path = HomeView.swift; sourceTree = "<group>"; };
		2E782D0B2BA318A70050244D /* ProductCell.swift */ = {isa = PBXFileReference; lastKnownFileType = sourcecode.swift; path = ProductCell.swift; sourceTree = "<group>"; };
		2E782D0D2BA3266A0050244D /* CategoryCell.swift */ = {isa = PBXFileReference; lastKnownFileType = sourcecode.swift; path = CategoryCell.swift; sourceTree = "<group>"; };
		2E782D112BA358000050244D /* ProductModel.swift */ = {isa = PBXFileReference; lastKnownFileType = sourcecode.swift; path = ProductModel.swift; sourceTree = "<group>"; };
		2E782D132BA594370050244D /* ProductDetailView.swift */ = {isa = PBXFileReference; lastKnownFileType = sourcecode.swift; path = ProductDetailView.swift; sourceTree = "<group>"; };
		2E782D152BA596740050244D /* ProductDetailViewModel.swift */ = {isa = PBXFileReference; lastKnownFileType = sourcecode.swift; path = ProductDetailViewModel.swift; sourceTree = "<group>"; };
		2E782D172BA5BDA20050244D /* ImageModel.swift */ = {isa = PBXFileReference; lastKnownFileType = sourcecode.swift; path = ImageModel.swift; sourceTree = "<group>"; };
		2EFDB1272BA6F13600B36200 /* FavouriteView.swift */ = {isa = PBXFileReference; lastKnownFileType = sourcecode.swift; path = FavouriteView.swift; sourceTree = "<group>"; };
		2EFDB1292BA75D7200B36200 /* FavouriteViewModel.swift */ = {isa = PBXFileReference; lastKnownFileType = sourcecode.swift; path = FavouriteViewModel.swift; sourceTree = "<group>"; };
		2EFDB12B2BA760BA00B36200 /* FavouriteRow.swift */ = {isa = PBXFileReference; lastKnownFileType = sourcecode.swift; path = FavouriteRow.swift; sourceTree = "<group>"; };
		2EFDB12D2BA85B1700B36200 /* ExploreViewModel.swift */ = {isa = PBXFileReference; lastKnownFileType = sourcecode.swift; path = ExploreViewModel.swift; sourceTree = "<group>"; };
		2EFDB1312BA85C1C00B36200 /* ExploreCategoryModel.swift */ = {isa = PBXFileReference; lastKnownFileType = sourcecode.swift; path = ExploreCategoryModel.swift; sourceTree = "<group>"; };
		2EFDB1332BA85DF200B36200 /* ExploreCategoryCell.swift */ = {isa = PBXFileReference; lastKnownFileType = sourcecode.swift; path = ExploreCategoryCell.swift; sourceTree = "<group>"; };
		2EFDB1352BA95B8F00B36200 /* ExploreItemViewModel.swift */ = {isa = PBXFileReference; lastKnownFileType = sourcecode.swift; path = ExploreItemViewModel.swift; sourceTree = "<group>"; };
		2EFDB1392BA9A0D400B36200 /* CartViewModel.swift */ = {isa = PBXFileReference; lastKnownFileType = sourcecode.swift; path = CartViewModel.swift; sourceTree = "<group>"; };
		2EFDB13B2BA9A0FE00B36200 /* CartItemModel.swift */ = {isa = PBXFileReference; lastKnownFileType = sourcecode.swift; path = CartItemModel.swift; sourceTree = "<group>"; };
		2EFDB13E2BA9A52500B36200 /* MyCartView.swift */ = {isa = PBXFileReference; lastKnownFileType = sourcecode.swift; path = MyCartView.swift; sourceTree = "<group>"; };
		2EFDB1402BA9BD4900B36200 /* CartItemRow.swift */ = {isa = PBXFileReference; lastKnownFileType = sourcecode.swift; path = CartItemRow.swift; sourceTree = "<group>"; };
		2EFDB1422BA9C85E00B36200 /* ExploreItemsView.swift */ = {isa = PBXFileReference; lastKnownFileType = sourcecode.swift; path = ExploreItemsView.swift; sourceTree = "<group>"; };
		2EFDB1452BAA09EA00B36200 /* AccountView.swift */ = {isa = PBXFileReference; lastKnownFileType = sourcecode.swift; path = AccountView.swift; sourceTree = "<group>"; };
		2EFDB1472BAA0DF100B36200 /* AccountRow.swift */ = {isa = PBXFileReference; lastKnownFileType = sourcecode.swift; path = AccountRow.swift; sourceTree = "<group>"; };
		2EFDB1492BAA0F8900B36200 /* DeliveryAddressView.swift */ = {isa = PBXFileReference; lastKnownFileType = sourcecode.swift; path = DeliveryAddressView.swift; sourceTree = "<group>"; };
		2EFDB14B2BAA117400B36200 /* DeliveryAddressViewModel.swift */ = {isa = PBXFileReference; lastKnownFileType = sourcecode.swift; path = DeliveryAddressViewModel.swift; sourceTree = "<group>"; };
		2EFDB14D2BAA128300B36200 /* AddressModel.swift */ = {isa = PBXFileReference; lastKnownFileType = sourcecode.swift; path = AddressModel.swift; sourceTree = "<group>"; };
		2EFDB14F2BAAD25F00B36200 /* AddDeliveryAddressView.swift */ = {isa = PBXFileReference; lastKnownFileType = sourcecode.swift; path = AddDeliveryAddressView.swift; sourceTree = "<group>"; };
		2EFDB1512BAAFB1200B36200 /* PromoCodeViewModel.swift */ = {isa = PBXFileReference; lastKnownFileType = sourcecode.swift; path = PromoCodeViewModel.swift; sourceTree = "<group>"; };
		2EFDB1532BAAFC5800B36200 /* PromoCodeModel.swift */ = {isa = PBXFileReference; lastKnownFileType = sourcecode.swift; path = PromoCodeModel.swift; sourceTree = "<group>"; };
/* End PBXFileReference section */

/* Begin PBXFrameworksBuildPhase section */
		2E782C9E2BA010E50050244D /* Frameworks */ = {
			isa = PBXFrameworksBuildPhase;
			buildActionMask = 2147483647;
			files = (
				2E782CE02BA06F360050244D /* SDWebImageSwiftUI in Frameworks */,
				2E782CDD2BA06F1E0050244D /* CountryPicker in Frameworks */,
			);
			runOnlyForDeploymentPostprocessing = 0;
		};
/* End PBXFrameworksBuildPhase section */

/* Begin PBXGroup section */
		2E782C982BA010E50050244D = {
			isa = PBXGroup;
			children = (
				2E782CA32BA010E50050244D /* Online_Shopping */,
				2E782CA22BA010E50050244D /* Products */,
			);
			sourceTree = "<group>";
		};
		2E782CA22BA010E50050244D /* Products */ = {
			isa = PBXGroup;
			children = (
				2E782CA12BA010E50050244D /* Online_Shopping.app */,
			);
			name = Products;
			sourceTree = "<group>";
		};
		2E782CA32BA010E50050244D /* Online_Shopping */ = {
			isa = PBXGroup;
			children = (
				2E782CE42BA0745A0050244D /* Online-Shopping-Info.plist */,
				2E782CB72BA057630050244D /* Font */,
				2E782CB62BA057520050244D /* View */,
				2E782CB52BA057370050244D /* ModelTypeView */,
				2E782CB42BA0572B0050244D /* ModelType */,
				2E782CB32BA057160050244D /* CommenUI */,
				2E782CB22BA057090050244D /* Common */,
				2E782CA42BA010E50050244D /* Online_ShoppingApp.swift */,
				2E782CA82BA010E70050244D /* Assets.xcassets */,
				2E782CAA2BA010E70050244D /* Preview Content */,
			);
			path = Online_Shopping;
			sourceTree = "<group>";
		};
		2E782CAA2BA010E70050244D /* Preview Content */ = {
			isa = PBXGroup;
			children = (
				2E782CAB2BA010E70050244D /* Preview Assets.xcassets */,
				2E782CD92BA05E6A0050244D /* Launch Screen.storyboard */,
			);
			path = "Preview Content";
			sourceTree = "<group>";
		};
		2E782CB22BA057090050244D /* Common */ = {
			isa = PBXGroup;
			children = (
				2E782CB82BA0580A0050244D /* UIKitExtension.swift */,
			);
			path = Common;
			sourceTree = "<group>";
		};
		2E782CB32BA057160050244D /* CommenUI */ = {
			isa = PBXGroup;
			children = (
				2EFDB12B2BA760BA00B36200 /* FavouriteRow.swift */,
				2EFDB1402BA9BD4900B36200 /* CartItemRow.swift */,
				2E782D0B2BA318A70050244D /* ProductCell.swift */,
				2E782D0D2BA3266A0050244D /* CategoryCell.swift */,
				2E782CBA2BA058240050244D /* UIExtension.swift */,
				2E782CBC2BA0583B0050244D /* RoundButton.swift */,
				2E782CBE2BA058570050244D /* CountryPickerUI.swift */,
				2E782CC02BA058740050244D /* LineTextField.swift */,
				2E782CC22BA058880050244D /* ServiceCall.swift */,
				2E782CC42BA058A50050244D /* Links.swift */,
				2E782CF52BA16E120050244D /* TabButton.swift */,
				2E782CF72BA1879D0050244D /* SearchTextField.swift */,
				2E782CF92BA192860050244D /* SectionTitleAll.swift */,
				2EFDB1332BA85DF200B36200 /* ExploreCategoryCell.swift */,
				2EFDB1472BAA0DF100B36200 /* AccountRow.swift */,
				2E5C107A2BAC1BEA008D7F8E /* OrderItemRow.swift */,
			);
			path = CommenUI;
			sourceTree = "<group>";
		};
		2E782CB42BA0572B0050244D /* ModelType */ = {
			isa = PBXGroup;
			children = (
				2E782D172BA5BDA20050244D /* ImageModel.swift */,
				2E782CE72BA0D29D0050244D /* UserModel.swift */,
				2E782D012BA1E51D0050244D /* TypeModel.swift */,
				2E782D112BA358000050244D /* ProductModel.swift */,
				2EFDB1312BA85C1C00B36200 /* ExploreCategoryModel.swift */,
				2EFDB13B2BA9A0FE00B36200 /* CartItemModel.swift */,
				2EFDB14D2BAA128300B36200 /* AddressModel.swift */,
				2EFDB1532BAAFC5800B36200 /* PromoCodeModel.swift */,
				2E5B10022BAB2AFB0093996A /* PaymentModel.swift */,
				2E5C10742BABFF1D008D7F8E /* MyOrderModel.swift */,
				2E5C107C2BAC265E008D7F8E /* OrderItemModel.swift */,
			);
			path = ModelType;
			sourceTree = "<group>";
		};
		2E782CB52BA057370050244D /* ModelTypeView */ = {
			isa = PBXGroup;
			children = (
				2E5C10862BACA8CA008D7F8E /* MyDetailsViewModel.swift */,
				2E4DA3082BB5AE8D0014C1D9 /* FavoriteDetailViewModel.swift */,
				2E4DA3042BB199E40014C1D9 /* FeaturedViewModel.swift */,
				2E782CC62BA058D50050244D /* MainViewModel.swift */,
				2E782D052BA302810050244D /* HomeViewModel.swift */,
				2E782D152BA596740050244D /* ProductDetailViewModel.swift */,
				2EFDB1292BA75D7200B36200 /* FavouriteViewModel.swift */,
				2EFDB12D2BA85B1700B36200 /* ExploreViewModel.swift */,
				2EFDB1352BA95B8F00B36200 /* ExploreItemViewModel.swift */,
				2EFDB1392BA9A0D400B36200 /* CartViewModel.swift */,
				2EFDB14B2BAA117400B36200 /* DeliveryAddressViewModel.swift */,
				2EFDB1512BAAFB1200B36200 /* PromoCodeViewModel.swift */,
				2E5B10002BAB2AA40093996A /* PaymentViewModel.swift */,
				2E4DA2F62BB167E00014C1D9 /* NewArrivalViewModel.swift */,
				2E5C10722BABFE50008D7F8E /* MyOrdersViewModel.swift */,
				2E5C10762BAC0ED3008D7F8E /* MyOrderDetailViewModel.swift */,
			);
			path = ModelTypeView;
			sourceTree = "<group>";
		};
		2E782CB62BA057520050244D /* View */ = {
			isa = PBXGroup;
			children = (
				2EFDB1442BAA09CA00B36200 /* ViewAccounts */,
				2EFDB13D2BA9A50D00B36200 /* ViewCart */,
				2EFDB1262BA6F10E00B36200 /* ViewFavourite */,
				2E782CF22BA1696A0050244D /* ViewFindCategory */,
				2E782CEF2BA168920050244D /* ViewHome */,
				2E782CEA2BA0D6040050244D /* ViewMainTab */,
				2E782CC82BA058E30050244D /* ViewLogin */,
			);
			path = View;
			sourceTree = "<group>";
		};
		2E782CB72BA057630050244D /* Font */ = {
			isa = PBXGroup;
			children = (
				2E782CD12BA059B50050244D /* Gilroy-Bold.ttf */,
				2E782CCF2BA059B50050244D /* Gilroy-Medium.ttf */,
				2E782CD22BA059B50050244D /* Gilroy-Regular.ttf */,
				2E782CD02BA059B50050244D /* Gilroy-SemiBold.ttf */,
			);
			path = Font;
			sourceTree = "<group>";
		};
		2E782CC82BA058E30050244D /* ViewLogin */ = {
			isa = PBXGroup;
			children = (
				2E782CC92BA058FF0050244D /* WelcomeView.swift */,
				2E782CCD2BA059280050244D /* LoginView.swift */,
				2E782CE52BA0AE100050244D /* SignUpView.swift */,
				2E782CCB2BA059140050244D /* SignInView.swift */,
			);
			path = ViewLogin;
			sourceTree = "<group>";
		};
		2E782CEA2BA0D6040050244D /* ViewMainTab */ = {
			isa = PBXGroup;
			children = (
				2E782D072BA3032A0050244D /* MainTabView.swift */,
			);
			path = ViewMainTab;
			sourceTree = "<group>";
		};
		2E782CEF2BA168920050244D /* ViewHome */ = {
			isa = PBXGroup;
			children = (
				2E4DA2F22BB1668A0014C1D9 /* NewArrivalView.swift */,
				2E4DA3022BB193A70014C1D9 /* FeaturedView.swift */,
				2E4DA2F02BB166780014C1D9 /* OfferView.swift */,
				2E782D092BA304220050244D /* HomeView.swift */,
				2E782D132BA594370050244D /* ProductDetailView.swift */,
			);
			path = ViewHome;
			sourceTree = "<group>";
		};
		2E782CF22BA1696A0050244D /* ViewFindCategory */ = {
			isa = PBXGroup;
			children = (
				2E782CF32BA1698F0050244D /* FindCategoryView.swift */,
				2EFDB1422BA9C85E00B36200 /* ExploreItemsView.swift */,
			);
			path = ViewFindCategory;
			sourceTree = "<group>";
		};
		2EFDB1262BA6F10E00B36200 /* ViewFavourite */ = {
			isa = PBXGroup;
			children = (
				2EFDB1272BA6F13600B36200 /* FavouriteView.swift */,
				2E4DA3062BB59F990014C1D9 /* FavouriteProductDetailView.swift */,
			);
			path = ViewFavourite;
			sourceTree = "<group>";
		};
		2EFDB13D2BA9A50D00B36200 /* ViewCart */ = {
			isa = PBXGroup;
			children = (
				2EFDB13E2BA9A52500B36200 /* MyCartView.swift */,
				2E5B100A2BAB4F620093996A /* CheckoutView.swift */,
				2E5C107E2BAC491B008D7F8E /* OrderAccpetView.swift */,
			);
			path = ViewCart;
			sourceTree = "<group>";
		};
		2EFDB1442BAA09CA00B36200 /* ViewAccounts */ = {
			isa = PBXGroup;
			children = (
				2E5C10882BACAC08008D7F8E /* MyDetailsView.swift */,
				2EFDB1452BAA09EA00B36200 /* AccountView.swift */,
				2E5C10782BAC122B008D7F8E /* MyOrdersDetailView.swift */,
				2EFDB1492BAA0F8900B36200 /* DeliveryAddressView.swift */,
				2EFDB14F2BAAD25F00B36200 /* AddDeliveryAddressView.swift */,
				2E5B0FFE2BAB178C0093996A /* CouponView.swift */,
				2E5B10062BAB35810093996A /* PaymentMethodsView.swift */,
				2E5B10082BAB37D60093996A /* AddPaymentMethodView.swift */,
				2E5C10702BABFE06008D7F8E /* MyOrdersView.swift */,
				2E5C108A2BACB14C008D7F8E /* ChangePasswordView.swift */,
				2E4DA30A2BB6DEC90014C1D9 /* AboutView.swift */,
				2E4DA30C2BB6E1BD0014C1D9 /* HelpView.swift */,
			);
			path = ViewAccounts;
			sourceTree = "<group>";
		};
/* End PBXGroup section */

/* Begin PBXNativeTarget section */
		2E782CA02BA010E50050244D /* Online_Shopping */ = {
			isa = PBXNativeTarget;
			buildConfigurationList = 2E782CAF2BA010E70050244D /* Build configuration list for PBXNativeTarget "Online_Shopping" */;
			buildPhases = (
				2E782C9D2BA010E50050244D /* Sources */,
				2E782C9E2BA010E50050244D /* Frameworks */,
				2E782C9F2BA010E50050244D /* Resources */,
			);
			buildRules = (
			);
			dependencies = (
			);
			name = Online_Shopping;
			packageProductDependencies = (
				2E782CDC2BA06F1E0050244D /* CountryPicker */,
				2E782CDF2BA06F360050244D /* SDWebImageSwiftUI */,
			);
			productName = Online_Shopping;
			productReference = 2E782CA12BA010E50050244D /* Online_Shopping.app */;
			productType = "com.apple.product-type.application";
		};
/* End PBXNativeTarget section */

/* Begin PBXProject section */
		2E782C992BA010E50050244D /* Project object */ = {
			isa = PBXProject;
			attributes = {
				BuildIndependentTargetsInParallel = 1;
				LastSwiftUpdateCheck = 1510;
				LastUpgradeCheck = 1510;
				TargetAttributes = {
					2E782CA02BA010E50050244D = {
						CreatedOnToolsVersion = 15.1;
					};
				};
			};
			buildConfigurationList = 2E782C9C2BA010E50050244D /* Build configuration list for PBXProject "Online_Shopping" */;
			compatibilityVersion = "Xcode 14.0";
			developmentRegion = en;
			hasScannedForEncodings = 0;
			knownRegions = (
				en,
				Base,
			);
			mainGroup = 2E782C982BA010E50050244D;
			packageReferences = (
				2E782CDB2BA06F1D0050244D /* XCRemoteSwiftPackageReference "CountryPicker" */,
				2E782CDE2BA06F360050244D /* XCRemoteSwiftPackageReference "SDWebImageSwiftUI" */,
			);
			productRefGroup = 2E782CA22BA010E50050244D /* Products */;
			projectDirPath = "";
			projectRoot = "";
			targets = (
				2E782CA02BA010E50050244D /* Online_Shopping */,
			);
		};
/* End PBXProject section */

/* Begin PBXResourcesBuildPhase section */
		2E782C9F2BA010E50050244D /* Resources */ = {
			isa = PBXResourcesBuildPhase;
			buildActionMask = 2147483647;
			files = (
				2E782CAC2BA010E70050244D /* Preview Assets.xcassets in Resources */,
				2E782CD62BA059B50050244D /* Gilroy-Regular.ttf in Resources */,
				2E782CD42BA059B50050244D /* Gilroy-SemiBold.ttf in Resources */,
				2E782CD52BA059B50050244D /* Gilroy-Bold.ttf in Resources */,
				2E782CD32BA059B50050244D /* Gilroy-Medium.ttf in Resources */,
				2E782CA92BA010E70050244D /* Assets.xcassets in Resources */,
				2E782CDA2BA05E6A0050244D /* Launch Screen.storyboard in Resources */,
			);
			runOnlyForDeploymentPostprocessing = 0;
		};
/* End PBXResourcesBuildPhase section */

/* Begin PBXSourcesBuildPhase section */
		2E782C9D2BA010E50050244D /* Sources */ = {
			isa = PBXSourcesBuildPhase;
			buildActionMask = 2147483647;
			files = (
				2E782CBD2BA0583B0050244D /* RoundButton.swift in Sources */,
				2EFDB13A2BA9A0D400B36200 /* CartViewModel.swift in Sources */,
				2E782CC12BA058740050244D /* LineTextField.swift in Sources */,
				2E5C108B2BACB14C008D7F8E /* ChangePasswordView.swift in Sources */,
				2E5C10732BABFE50008D7F8E /* MyOrdersViewModel.swift in Sources */,
				2EFDB13F2BA9A52500B36200 /* MyCartView.swift in Sources */,
				2E5C10872BACA8CA008D7F8E /* MyDetailsViewModel.swift in Sources */,
				2EFDB1282BA6F13600B36200 /* FavouriteView.swift in Sources */,
				2EFDB1322BA85C1C00B36200 /* ExploreCategoryModel.swift in Sources */,
				2EFDB1482BAA0DF100B36200 /* AccountRow.swift in Sources */,
				2E782CC32BA058880050244D /* ServiceCall.swift in Sources */,
				2E5B100B2BAB4F620093996A /* CheckoutView.swift in Sources */,
				2E782D062BA302810050244D /* HomeViewModel.swift in Sources */,
				2E782CB92BA0580A0050244D /* UIKitExtension.swift in Sources */,
				2E782D0A2BA304220050244D /* HomeView.swift in Sources */,
				2E5B0FFF2BAB178C0093996A /* CouponView.swift in Sources */,
				2E782D022BA1E51D0050244D /* TypeModel.swift in Sources */,
				2E5C107B2BAC1BEA008D7F8E /* OrderItemRow.swift in Sources */,
				2E782CBF2BA058570050244D /* CountryPickerUI.swift in Sources */,
				2EFDB1362BA95B8F00B36200 /* ExploreItemViewModel.swift in Sources */,
				2EFDB14E2BAA128300B36200 /* AddressModel.swift in Sources */,
				2EFDB1462BAA09EA00B36200 /* AccountView.swift in Sources */,
				2E5B10092BAB37D60093996A /* AddPaymentMethodView.swift in Sources */,
				2E782CCA2BA058FF0050244D /* WelcomeView.swift in Sources */,
				2E782CCE2BA059280050244D /* LoginView.swift in Sources */,
				2E782CC52BA058A50050244D /* Links.swift in Sources */,
				2E782D0E2BA3266A0050244D /* CategoryCell.swift in Sources */,
				2E4DA30D2BB6E1BD0014C1D9 /* HelpView.swift in Sources */,
				2E5C107F2BAC491B008D7F8E /* OrderAccpetView.swift in Sources */,
				2E782CF42BA1698F0050244D /* FindCategoryView.swift in Sources */,
				2E4DA2F12BB166780014C1D9 /* OfferView.swift in Sources */,
				2EFDB13C2BA9A0FE00B36200 /* CartItemModel.swift in Sources */,
				2E4DA2F72BB167E00014C1D9 /* NewArrivalViewModel.swift in Sources */,
				2E4DA3072BB59F990014C1D9 /* FavouriteProductDetailView.swift in Sources */,
				2E782D082BA3032A0050244D /* MainTabView.swift in Sources */,
				2E782CE82BA0D29D0050244D /* UserModel.swift in Sources */,
				2EFDB1542BAAFC5800B36200 /* PromoCodeModel.swift in Sources */,
				2EFDB14C2BAA117400B36200 /* DeliveryAddressViewModel.swift in Sources */,
				2EFDB1432BA9C85E00B36200 /* ExploreItemsView.swift in Sources */,
				2E5C10892BACAC08008D7F8E /* MyDetailsView.swift in Sources */,
				2E782CF62BA16E120050244D /* TabButton.swift in Sources */,
				2EFDB1522BAAFB1300B36200 /* PromoCodeViewModel.swift in Sources */,
				2E782CE62BA0AE100050244D /* SignUpView.swift in Sources */,
				2E5C10792BAC122B008D7F8E /* MyOrdersDetailView.swift in Sources */,
				2E4DA2F32BB1668A0014C1D9 /* NewArrivalView.swift in Sources */,
				2E782CBB2BA058240050244D /* UIExtension.swift in Sources */,
				2E5B10072BAB35810093996A /* PaymentMethodsView.swift in Sources */,
				2E782CFA2BA192860050244D /* SectionTitleAll.swift in Sources */,
				2E782D122BA358000050244D /* ProductModel.swift in Sources */,
				2E782CF82BA1879D0050244D /* SearchTextField.swift in Sources */,
				2E782CA52BA010E50050244D /* Online_ShoppingApp.swift in Sources */,
				2E782D0C2BA318A70050244D /* ProductCell.swift in Sources */,
				2EFDB12C2BA760BA00B36200 /* FavouriteRow.swift in Sources */,
				2E782D142BA594370050244D /* ProductDetailView.swift in Sources */,
				2E782CCC2BA059140050244D /* SignInView.swift in Sources */,
				2EFDB12A2BA75D7200B36200 /* FavouriteViewModel.swift in Sources */,
				2E4DA30B2BB6DEC90014C1D9 /* AboutView.swift in Sources */,
				2E5C10712BABFE06008D7F8E /* MyOrdersView.swift in Sources */,
				2E5B10012BAB2AA40093996A /* PaymentViewModel.swift in Sources */,
				2EFDB12E2BA85B1700B36200 /* ExploreViewModel.swift in Sources */,
				2E5C107D2BAC265E008D7F8E /* OrderItemModel.swift in Sources */,
				2E782CC72BA058D50050244D /* MainViewModel.swift in Sources */,
				2E4DA3032BB193A70014C1D9 /* FeaturedView.swift in Sources */,
				2E4DA3092BB5AE8D0014C1D9 /* FavoriteDetailViewModel.swift in Sources */,
				2E4DA3052BB199E40014C1D9 /* FeaturedViewModel.swift in Sources */,
				2E782D162BA596740050244D /* ProductDetailViewModel.swift in Sources */,
				2EFDB1502BAAD25F00B36200 /* AddDeliveryAddressView.swift in Sources */,
				2EFDB14A2BAA0F8900B36200 /* DeliveryAddressView.swift in Sources */,
				2EFDB1412BA9BD4900B36200 /* CartItemRow.swift in Sources */,
				2E5C10752BABFF1D008D7F8E /* MyOrderModel.swift in Sources */,
				2E5B10032BAB2AFB0093996A /* PaymentModel.swift in Sources */,
				2E782D182BA5BDA20050244D /* ImageModel.swift in Sources */,
				2E5C10772BAC0ED3008D7F8E /* MyOrderDetailViewModel.swift in Sources */,
				2EFDB1342BA85DF200B36200 /* ExploreCategoryCell.swift in Sources */,
			);
			runOnlyForDeploymentPostprocessing = 0;
		};
/* End PBXSourcesBuildPhase section */

/* Begin XCBuildConfiguration section */
		2E782CAD2BA010E70050244D /* Debug */ = {
			isa = XCBuildConfiguration;
			buildSettings = {
				ALWAYS_SEARCH_USER_PATHS = NO;
				ASSETCATALOG_COMPILER_GENERATE_SWIFT_ASSET_SYMBOL_EXTENSIONS = YES;
				CLANG_ANALYZER_NONNULL = YES;
				CLANG_ANALYZER_NUMBER_OBJECT_CONVERSION = YES_AGGRESSIVE;
				CLANG_CXX_LANGUAGE_STANDARD = "gnu++20";
				CLANG_ENABLE_MODULES = YES;
				CLANG_ENABLE_OBJC_ARC = YES;
				CLANG_ENABLE_OBJC_WEAK = YES;
				CLANG_WARN_BLOCK_CAPTURE_AUTORELEASING = YES;
				CLANG_WARN_BOOL_CONVERSION = YES;
				CLANG_WARN_COMMA = YES;
				CLANG_WARN_CONSTANT_CONVERSION = YES;
				CLANG_WARN_DEPRECATED_OBJC_IMPLEMENTATIONS = YES;
				CLANG_WARN_DIRECT_OBJC_ISA_USAGE = YES_ERROR;
				CLANG_WARN_DOCUMENTATION_COMMENTS = YES;
				CLANG_WARN_EMPTY_BODY = YES;
				CLANG_WARN_ENUM_CONVERSION = YES;
				CLANG_WARN_INFINITE_RECURSION = YES;
				CLANG_WARN_INT_CONVERSION = YES;
				CLANG_WARN_NON_LITERAL_NULL_CONVERSION = YES;
				CLANG_WARN_OBJC_IMPLICIT_RETAIN_SELF = YES;
				CLANG_WARN_OBJC_LITERAL_CONVERSION = YES;
				CLANG_WARN_OBJC_ROOT_CLASS = YES_ERROR;
				CLANG_WARN_QUOTED_INCLUDE_IN_FRAMEWORK_HEADER = YES;
				CLANG_WARN_RANGE_LOOP_ANALYSIS = YES;
				CLANG_WARN_STRICT_PROTOTYPES = YES;
				CLANG_WARN_SUSPICIOUS_MOVE = YES;
				CLANG_WARN_UNGUARDED_AVAILABILITY = YES_AGGRESSIVE;
				CLANG_WARN_UNREACHABLE_CODE = YES;
				CLANG_WARN__DUPLICATE_METHOD_MATCH = YES;
				COPY_PHASE_STRIP = NO;
				DEBUG_INFORMATION_FORMAT = dwarf;
				ENABLE_STRICT_OBJC_MSGSEND = YES;
				ENABLE_TESTABILITY = YES;
				ENABLE_USER_SCRIPT_SANDBOXING = YES;
				GCC_C_LANGUAGE_STANDARD = gnu17;
				GCC_DYNAMIC_NO_PIC = NO;
				GCC_NO_COMMON_BLOCKS = YES;
				GCC_OPTIMIZATION_LEVEL = 0;
				GCC_PREPROCESSOR_DEFINITIONS = (
					"DEBUG=1",
					"$(inherited)",
				);
				GCC_WARN_64_TO_32_BIT_CONVERSION = YES;
				GCC_WARN_ABOUT_RETURN_TYPE = YES_ERROR;
				GCC_WARN_UNDECLARED_SELECTOR = YES;
				GCC_WARN_UNINITIALIZED_AUTOS = YES_AGGRESSIVE;
				GCC_WARN_UNUSED_FUNCTION = YES;
				GCC_WARN_UNUSED_VARIABLE = YES;
				IPHONEOS_DEPLOYMENT_TARGET = 17.2;
				LOCALIZATION_PREFERS_STRING_CATALOGS = YES;
				MTL_ENABLE_DEBUG_INFO = INCLUDE_SOURCE;
				MTL_FAST_MATH = YES;
				ONLY_ACTIVE_ARCH = YES;
				SDKROOT = iphoneos;
				SWIFT_ACTIVE_COMPILATION_CONDITIONS = "DEBUG $(inherited)";
				SWIFT_OPTIMIZATION_LEVEL = "-Onone";
			};
			name = Debug;
		};
		2E782CAE2BA010E70050244D /* Release */ = {
			isa = XCBuildConfiguration;
			buildSettings = {
				ALWAYS_SEARCH_USER_PATHS = NO;
				ASSETCATALOG_COMPILER_GENERATE_SWIFT_ASSET_SYMBOL_EXTENSIONS = YES;
				CLANG_ANALYZER_NONNULL = YES;
				CLANG_ANALYZER_NUMBER_OBJECT_CONVERSION = YES_AGGRESSIVE;
				CLANG_CXX_LANGUAGE_STANDARD = "gnu++20";
				CLANG_ENABLE_MODULES = YES;
				CLANG_ENABLE_OBJC_ARC = YES;
				CLANG_ENABLE_OBJC_WEAK = YES;
				CLANG_WARN_BLOCK_CAPTURE_AUTORELEASING = YES;
				CLANG_WARN_BOOL_CONVERSION = YES;
				CLANG_WARN_COMMA = YES;
				CLANG_WARN_CONSTANT_CONVERSION = YES;
				CLANG_WARN_DEPRECATED_OBJC_IMPLEMENTATIONS = YES;
				CLANG_WARN_DIRECT_OBJC_ISA_USAGE = YES_ERROR;
				CLANG_WARN_DOCUMENTATION_COMMENTS = YES;
				CLANG_WARN_EMPTY_BODY = YES;
				CLANG_WARN_ENUM_CONVERSION = YES;
				CLANG_WARN_INFINITE_RECURSION = YES;
				CLANG_WARN_INT_CONVERSION = YES;
				CLANG_WARN_NON_LITERAL_NULL_CONVERSION = YES;
				CLANG_WARN_OBJC_IMPLICIT_RETAIN_SELF = YES;
				CLANG_WARN_OBJC_LITERAL_CONVERSION = YES;
				CLANG_WARN_OBJC_ROOT_CLASS = YES_ERROR;
				CLANG_WARN_QUOTED_INCLUDE_IN_FRAMEWORK_HEADER = YES;
				CLANG_WARN_RANGE_LOOP_ANALYSIS = YES;
				CLANG_WARN_STRICT_PROTOTYPES = YES;
				CLANG_WARN_SUSPICIOUS_MOVE = YES;
				CLANG_WARN_UNGUARDED_AVAILABILITY = YES_AGGRESSIVE;
				CLANG_WARN_UNREACHABLE_CODE = YES;
				CLANG_WARN__DUPLICATE_METHOD_MATCH = YES;
				COPY_PHASE_STRIP = NO;
				DEBUG_INFORMATION_FORMAT = "dwarf-with-dsym";
				ENABLE_NS_ASSERTIONS = NO;
				ENABLE_STRICT_OBJC_MSGSEND = YES;
				ENABLE_USER_SCRIPT_SANDBOXING = YES;
				GCC_C_LANGUAGE_STANDARD = gnu17;
				GCC_NO_COMMON_BLOCKS = YES;
				GCC_WARN_64_TO_32_BIT_CONVERSION = YES;
				GCC_WARN_ABOUT_RETURN_TYPE = YES_ERROR;
				GCC_WARN_UNDECLARED_SELECTOR = YES;
				GCC_WARN_UNINITIALIZED_AUTOS = YES_AGGRESSIVE;
				GCC_WARN_UNUSED_FUNCTION = YES;
				GCC_WARN_UNUSED_VARIABLE = YES;
				IPHONEOS_DEPLOYMENT_TARGET = 17.2;
				LOCALIZATION_PREFERS_STRING_CATALOGS = YES;
				MTL_ENABLE_DEBUG_INFO = NO;
				MTL_FAST_MATH = YES;
				SDKROOT = iphoneos;
				SWIFT_COMPILATION_MODE = wholemodule;
				VALIDATE_PRODUCT = YES;
			};
			name = Release;
		};
		2E782CB02BA010E70050244D /* Debug */ = {
			isa = XCBuildConfiguration;
			buildSettings = {
				ASSETCATALOG_COMPILER_APPICON_NAME = AppIcon;
				ASSETCATALOG_COMPILER_GLOBAL_ACCENT_COLOR_NAME = AccentColor;
				CODE_SIGN_STYLE = Automatic;
				CURRENT_PROJECT_VERSION = 1;
				DEVELOPMENT_ASSET_PATHS = "\"Online_Shopping/Preview Content\"";
				ENABLE_PREVIEWS = YES;
				GENERATE_INFOPLIST_FILE = YES;
				INFOPLIST_FILE = "Online-Shopping-Info.plist";
				INFOPLIST_KEY_CFBundleDisplayName = ShopiX;
				INFOPLIST_KEY_UIApplicationSceneManifest_Generation = YES;
				INFOPLIST_KEY_UIApplicationSupportsIndirectInputEvents = YES;
				INFOPLIST_KEY_UILaunchScreen_Generation = YES;
				INFOPLIST_KEY_UILaunchStoryboardName = "Launch Screen.storyboard";
				INFOPLIST_KEY_UIStatusBarHidden = YES;
				INFOPLIST_KEY_UISupportedInterfaceOrientations = UIInterfaceOrientationPortrait;
				INFOPLIST_KEY_UISupportedInterfaceOrientations_iPad = "UIInterfaceOrientationLandscapeLeft UIInterfaceOrientationLandscapeRight UIInterfaceOrientationPortrait";
				IPHONEOS_DEPLOYMENT_TARGET = 15.0;
				LD_RUNPATH_SEARCH_PATHS = (
					"$(inherited)",
					"@executable_path/Frameworks",
				);
				MARKETING_VERSION = 1.0;
				PRODUCT_BUNDLE_IDENTIFIER = "NIBM-22.2.Online-Shopping";
				PRODUCT_NAME = "$(TARGET_NAME)";
				SWIFT_EMIT_LOC_STRINGS = YES;
				SWIFT_VERSION = 5.0;
				TARGETED_DEVICE_FAMILY = "1,2";
			};
			name = Debug;
		};
		2E782CB12BA010E70050244D /* Release */ = {
			isa = XCBuildConfiguration;
			buildSettings = {
				ASSETCATALOG_COMPILER_APPICON_NAME = AppIcon;
				ASSETCATALOG_COMPILER_GLOBAL_ACCENT_COLOR_NAME = AccentColor;
				CODE_SIGN_STYLE = Automatic;
				CURRENT_PROJECT_VERSION = 1;
				DEVELOPMENT_ASSET_PATHS = "\"Online_Shopping/Preview Content\"";
				ENABLE_PREVIEWS = YES;
				GENERATE_INFOPLIST_FILE = YES;
				INFOPLIST_FILE = "Online-Shopping-Info.plist";
				INFOPLIST_KEY_CFBundleDisplayName = ShopiX;
				INFOPLIST_KEY_UIApplicationSceneManifest_Generation = YES;
				INFOPLIST_KEY_UIApplicationSupportsIndirectInputEvents = YES;
				INFOPLIST_KEY_UILaunchScreen_Generation = YES;
				INFOPLIST_KEY_UILaunchStoryboardName = "Launch Screen.storyboard";
				INFOPLIST_KEY_UIStatusBarHidden = YES;
				INFOPLIST_KEY_UISupportedInterfaceOrientations = UIInterfaceOrientationPortrait;
				INFOPLIST_KEY_UISupportedInterfaceOrientations_iPad = "UIInterfaceOrientationLandscapeLeft UIInterfaceOrientationLandscapeRight UIInterfaceOrientationPortrait";
				IPHONEOS_DEPLOYMENT_TARGET = 15.0;
				LD_RUNPATH_SEARCH_PATHS = (
					"$(inherited)",
					"@executable_path/Frameworks",
				);
				MARKETING_VERSION = 1.0;
				PRODUCT_BUNDLE_IDENTIFIER = "NIBM-22.2.Online-Shopping";
				PRODUCT_NAME = "$(TARGET_NAME)";
				SWIFT_EMIT_LOC_STRINGS = YES;
				SWIFT_VERSION = 5.0;
				TARGETED_DEVICE_FAMILY = "1,2";
			};
			name = Release;
		};
/* End XCBuildConfiguration section */

/* Begin XCConfigurationList section */
		2E782C9C2BA010E50050244D /* Build configuration list for PBXProject "Online_Shopping" */ = {
			isa = XCConfigurationList;
			buildConfigurations = (
				2E782CAD2BA010E70050244D /* Debug */,
				2E782CAE2BA010E70050244D /* Release */,
			);
			defaultConfigurationIsVisible = 0;
			defaultConfigurationName = Release;
		};
		2E782CAF2BA010E70050244D /* Build configuration list for PBXNativeTarget "Online_Shopping" */ = {
			isa = XCConfigurationList;
			buildConfigurations = (
				2E782CB02BA010E70050244D /* Debug */,
				2E782CB12BA010E70050244D /* Release */,
			);
			defaultConfigurationIsVisible = 0;
			defaultConfigurationName = Release;
		};
/* End XCConfigurationList section */

/* Begin XCRemoteSwiftPackageReference section */
		2E782CDB2BA06F1D0050244D /* XCRemoteSwiftPackageReference "CountryPicker" */ = {
			isa = XCRemoteSwiftPackageReference;
			repositoryURL = "https://github.com/mobven/CountryPicker.git";
			requirement = {
				kind = upToNextMajorVersion;
				minimumVersion = 2.0.3;
			};
		};
		2E782CDE2BA06F360050244D /* XCRemoteSwiftPackageReference "SDWebImageSwiftUI" */ = {
			isa = XCRemoteSwiftPackageReference;
			repositoryURL = "https://github.com/SDWebImage/SDWebImageSwiftUI.git";
			requirement = {
				kind = upToNextMajorVersion;
				minimumVersion = 3.0.0;
			};
		};
/* End XCRemoteSwiftPackageReference section */

/* Begin XCSwiftPackageProductDependency section */
		2E782CDC2BA06F1E0050244D /* CountryPicker */ = {
			isa = XCSwiftPackageProductDependency;
			package = 2E782CDB2BA06F1D0050244D /* XCRemoteSwiftPackageReference "CountryPicker" */;
			productName = CountryPicker;
		};
		2E782CDF2BA06F360050244D /* SDWebImageSwiftUI */ = {
			isa = XCSwiftPackageProductDependency;
			package = 2E782CDE2BA06F360050244D /* XCRemoteSwiftPackageReference "SDWebImageSwiftUI" */;
			productName = SDWebImageSwiftUI;
		};
/* End XCSwiftPackageProductDependency section */
	};
	rootObject = 2E782C992BA010E50050244D /* Project object */;
}
